// !$*UTF8*$!
{
	archiveVersion = 1;
	classes = {
	};
	objectVersion = 46;
	objects = {

/* Begin PBXBuildFile section */
		10471C271B38C712007AA343 /* CloudKit.framework in Frameworks */ = {isa = PBXBuildFile; fileRef = 10471C261B38C712007AA343 /* CloudKit.framework */; };
		105595301B36DB6100A685E0 /* AppDelegate.swift in Sources */ = {isa = PBXBuildFile; fileRef = 1055952F1B36DB6100A685E0 /* AppDelegate.swift */; };
		105595321B36DB6100A685E0 /* ViewController.swift in Sources */ = {isa = PBXBuildFile; fileRef = 105595311B36DB6100A685E0 /* ViewController.swift */; };
		105595351B36DB6100A685E0 /* Main.storyboard in Resources */ = {isa = PBXBuildFile; fileRef = 105595331B36DB6100A685E0 /* Main.storyboard */; };
		105595371B36DB6100A685E0 /* Images.xcassets in Resources */ = {isa = PBXBuildFile; fileRef = 105595361B36DB6100A685E0 /* Images.xcassets */; };
		1055953A1B36DB6100A685E0 /* LaunchScreen.xib in Resources */ = {isa = PBXBuildFile; fileRef = 105595381B36DB6100A685E0 /* LaunchScreen.xib */; };
		105595461B36DB6100A685E0 /* CKRecordContext_DemoTests.swift in Sources */ = {isa = PBXBuildFile; fileRef = 105595451B36DB6100A685E0 /* CKRecordContext_DemoTests.swift */; };
		105595501B36DB8200A685E0 /* CKRecordContext.swift in Sources */ = {isa = PBXBuildFile; fileRef = 1055954F1B36DB8200A685E0 /* CKRecordContext.swift */; };
/* End PBXBuildFile section */

/* Begin PBXContainerItemProxy section */
		105595401B36DB6100A685E0 /* PBXContainerItemProxy */ = {
			isa = PBXContainerItemProxy;
			containerPortal = 105595221B36DB6000A685E0 /* Project object */;
			proxyType = 1;
			remoteGlobalIDString = 105595291B36DB6100A685E0;
			remoteInfo = "CKRecordContext-Demo";
		};
/* End PBXContainerItemProxy section */

/* Begin PBXFileReference section */
		10471C251B38C6CA007AA343 /* CKRecordContext-Demo.entitlements */ = {isa = PBXFileReference; lastKnownFileType = text.xml; path = "CKRecordContext-Demo.entitlements"; sourceTree = "<group>"; };
		10471C261B38C712007AA343 /* CloudKit.framework */ = {isa = PBXFileReference; lastKnownFileType = wrapper.framework; name = CloudKit.framework; path = System/Library/Frameworks/CloudKit.framework; sourceTree = SDKROOT; };
		1055952A1B36DB6100A685E0 /* CKRecordContext-Demo.app */ = {isa = PBXFileReference; explicitFileType = wrapper.application; includeInIndex = 0; path = "CKRecordContext-Demo.app"; sourceTree = BUILT_PRODUCTS_DIR; };
		1055952E1B36DB6100A685E0 /* Info.plist */ = {isa = PBXFileReference; lastKnownFileType = text.plist.xml; path = Info.plist; sourceTree = "<group>"; };
		1055952F1B36DB6100A685E0 /* AppDelegate.swift */ = {isa = PBXFileReference; lastKnownFileType = sourcecode.swift; path = AppDelegate.swift; sourceTree = "<group>"; };
		105595311B36DB6100A685E0 /* ViewController.swift */ = {isa = PBXFileReference; lastKnownFileType = sourcecode.swift; path = ViewController.swift; sourceTree = "<group>"; };
		105595341B36DB6100A685E0 /* Base */ = {isa = PBXFileReference; lastKnownFileType = file.storyboard; name = Base; path = Base.lproj/Main.storyboard; sourceTree = "<group>"; };
		105595361B36DB6100A685E0 /* Images.xcassets */ = {isa = PBXFileReference; lastKnownFileType = folder.assetcatalog; path = Images.xcassets; sourceTree = "<group>"; };
		105595391B36DB6100A685E0 /* Base */ = {isa = PBXFileReference; lastKnownFileType = file.xib; name = Base; path = Base.lproj/LaunchScreen.xib; sourceTree = "<group>"; };
		1055953F1B36DB6100A685E0 /* CKRecordContext-DemoTests.xctest */ = {isa = PBXFileReference; explicitFileType = wrapper.cfbundle; includeInIndex = 0; path = "CKRecordContext-DemoTests.xctest"; sourceTree = BUILT_PRODUCTS_DIR; };
		105595441B36DB6100A685E0 /* Info.plist */ = {isa = PBXFileReference; lastKnownFileType = text.plist.xml; path = Info.plist; sourceTree = "<group>"; };
		105595451B36DB6100A685E0 /* CKRecordContext_DemoTests.swift */ = {isa = PBXFileReference; lastKnownFileType = sourcecode.swift; path = CKRecordContext_DemoTests.swift; sourceTree = "<group>"; };
		1055954F1B36DB8200A685E0 /* CKRecordContext.swift */ = {isa = PBXFileReference; fileEncoding = 4; lastKnownFileType = sourcecode.swift; name = CKRecordContext.swift; path = ../../CKRecordContext.swift; sourceTree = "<group>"; };
/* End PBXFileReference section */

/* Begin PBXFrameworksBuildPhase section */
		105595271B36DB6100A685E0 /* Frameworks */ = {
			isa = PBXFrameworksBuildPhase;
			buildActionMask = 2147483647;
			files = (
				10471C271B38C712007AA343 /* CloudKit.framework in Frameworks */,
			);
			runOnlyForDeploymentPostprocessing = 0;
		};
		1055953C1B36DB6100A685E0 /* Frameworks */ = {
			isa = PBXFrameworksBuildPhase;
			buildActionMask = 2147483647;
			files = (
			);
			runOnlyForDeploymentPostprocessing = 0;
		};
/* End PBXFrameworksBuildPhase section */

/* Begin PBXGroup section */
		105595211B36DB6000A685E0 = {
			isa = PBXGroup;
			children = (
				10471C261B38C712007AA343 /* CloudKit.framework */,
				1055952C1B36DB6100A685E0 /* CKRecordContext-Demo */,
				105595421B36DB6100A685E0 /* CKRecordContext-DemoTests */,
				1055952B1B36DB6100A685E0 /* Products */,
			);
			sourceTree = "<group>";
		};
		1055952B1B36DB6100A685E0 /* Products */ = {
			isa = PBXGroup;
			children = (
				1055952A1B36DB6100A685E0 /* CKRecordContext-Demo.app */,
				1055953F1B36DB6100A685E0 /* CKRecordContext-DemoTests.xctest */,
			);
			name = Products;
			sourceTree = "<group>";
		};
		1055952C1B36DB6100A685E0 /* CKRecordContext-Demo */ = {
			isa = PBXGroup;
			children = (
				10471C251B38C6CA007AA343 /* CKRecordContext-Demo.entitlements */,
				1055954F1B36DB8200A685E0 /* CKRecordContext.swift */,
				1055952F1B36DB6100A685E0 /* AppDelegate.swift */,
				105595311B36DB6100A685E0 /* ViewController.swift */,
				105595331B36DB6100A685E0 /* Main.storyboard */,
				105595361B36DB6100A685E0 /* Images.xcassets */,
				105595381B36DB6100A685E0 /* LaunchScreen.xib */,
				1055952D1B36DB6100A685E0 /* Supporting Files */,
			);
			path = "CKRecordContext-Demo";
			sourceTree = "<group>";
		};
		1055952D1B36DB6100A685E0 /* Supporting Files */ = {
			isa = PBXGroup;
			children = (
				1055952E1B36DB6100A685E0 /* Info.plist */,
			);
			name = "Supporting Files";
			sourceTree = "<group>";
		};
		105595421B36DB6100A685E0 /* CKRecordContext-DemoTests */ = {
			isa = PBXGroup;
			children = (
				105595451B36DB6100A685E0 /* CKRecordContext_DemoTests.swift */,
				105595431B36DB6100A685E0 /* Supporting Files */,
			);
			path = "CKRecordContext-DemoTests";
			sourceTree = "<group>";
		};
		105595431B36DB6100A685E0 /* Supporting Files */ = {
			isa = PBXGroup;
			children = (
				105595441B36DB6100A685E0 /* Info.plist */,
			);
			name = "Supporting Files";
			sourceTree = "<group>";
		};
/* End PBXGroup section */

/* Begin PBXNativeTarget section */
		105595291B36DB6100A685E0 /* CKRecordContext-Demo */ = {
			isa = PBXNativeTarget;
			buildConfigurationList = 105595491B36DB6100A685E0 /* Build configuration list for PBXNativeTarget "CKRecordContext-Demo" */;
			buildPhases = (
				105595261B36DB6100A685E0 /* Sources */,
				105595271B36DB6100A685E0 /* Frameworks */,
				105595281B36DB6100A685E0 /* Resources */,
			);
			buildRules = (
			);
			dependencies = (
			);
			name = "CKRecordContext-Demo";
			productName = "CKRecordContext-Demo";
			productReference = 1055952A1B36DB6100A685E0 /* CKRecordContext-Demo.app */;
			productType = "com.apple.product-type.application";
		};
		1055953E1B36DB6100A685E0 /* CKRecordContext-DemoTests */ = {
			isa = PBXNativeTarget;
			buildConfigurationList = 1055954C1B36DB6100A685E0 /* Build configuration list for PBXNativeTarget "CKRecordContext-DemoTests" */;
			buildPhases = (
				1055953B1B36DB6100A685E0 /* Sources */,
				1055953C1B36DB6100A685E0 /* Frameworks */,
				1055953D1B36DB6100A685E0 /* Resources */,
			);
			buildRules = (
			);
			dependencies = (
				105595411B36DB6100A685E0 /* PBXTargetDependency */,
			);
			name = "CKRecordContext-DemoTests";
			productName = "CKRecordContext-DemoTests";
			productReference = 1055953F1B36DB6100A685E0 /* CKRecordContext-DemoTests.xctest */;
			productType = "com.apple.product-type.bundle.unit-test";
		};
/* End PBXNativeTarget section */

/* Begin PBXProject section */
		105595221B36DB6000A685E0 /* Project object */ = {
			isa = PBXProject;
			attributes = {
				LastUpgradeCheck = 0630;
				ORGANIZATIONNAME = CloudKitSpace;
				TargetAttributes = {
					105595291B36DB6100A685E0 = {
						CreatedOnToolsVersion = 6.3.2;
						DevelopmentTeam = UBAKNBA97C;
						SystemCapabilities = {
							com.apple.iCloud = {
								enabled = 1;
							};
						};
					};
					1055953E1B36DB6100A685E0 = {
						CreatedOnToolsVersion = 6.3.2;
						TestTargetID = 105595291B36DB6100A685E0;
					};
				};
			};
			buildConfigurationList = 105595251B36DB6000A685E0 /* Build configuration list for PBXProject "CKRecordContext-Demo" */;
			compatibilityVersion = "Xcode 3.2";
			developmentRegion = English;
			hasScannedForEncodings = 0;
			knownRegions = (
				en,
				Base,
			);
			mainGroup = 105595211B36DB6000A685E0;
			productRefGroup = 1055952B1B36DB6100A685E0 /* Products */;
			projectDirPath = "";
			projectRoot = "";
			targets = (
				105595291B36DB6100A685E0 /* CKRecordContext-Demo */,
				1055953E1B36DB6100A685E0 /* CKRecordContext-DemoTests */,
			);
		};
/* End PBXProject section */

/* Begin PBXResourcesBuildPhase section */
		105595281B36DB6100A685E0 /* Resources */ = {
			isa = PBXResourcesBuildPhase;
			buildActionMask = 2147483647;
			files = (
				105595351B36DB6100A685E0 /* Main.storyboard in Resources */,
				1055953A1B36DB6100A685E0 /* LaunchScreen.xib in Resources */,
				105595371B36DB6100A685E0 /* Images.xcassets in Resources */,
			);
			runOnlyForDeploymentPostprocessing = 0;
		};
		1055953D1B36DB6100A685E0 /* Resources */ = {
			isa = PBXResourcesBuildPhase;
			buildActionMask = 2147483647;
			files = (
			);
			runOnlyForDeploymentPostprocessing = 0;
		};
/* End PBXResourcesBuildPhase section */

/* Begin PBXSourcesBuildPhase section */
		105595261B36DB6100A685E0 /* Sources */ = {
			isa = PBXSourcesBuildPhase;
			buildActionMask = 2147483647;
			files = (
				105595321B36DB6100A685E0 /* ViewController.swift in Sources */,
				105595301B36DB6100A685E0 /* AppDelegate.swift in Sources */,
				105595501B36DB8200A685E0 /* CKRecordContext.swift in Sources */,
			);
			runOnlyForDeploymentPostprocessing = 0;
		};
		1055953B1B36DB6100A685E0 /* Sources */ = {
			isa = PBXSourcesBuildPhase;
			buildActionMask = 2147483647;
			files = (
				105595461B36DB6100A685E0 /* CKRecordContext_DemoTests.swift in Sources */,
			);
			runOnlyForDeploymentPostprocessing = 0;
		};
/* End PBXSourcesBuildPhase section */

/* Begin PBXTargetDependency section */
		105595411B36DB6100A685E0 /* PBXTargetDependency */ = {
			isa = PBXTargetDependency;
			target = 105595291B36DB6100A685E0 /* CKRecordContext-Demo */;
			targetProxy = 105595401B36DB6100A685E0 /* PBXContainerItemProxy */;
		};
/* End PBXTargetDependency section */

/* Begin PBXVariantGroup section */
		105595331B36DB6100A685E0 /* Main.storyboard */ = {
			isa = PBXVariantGroup;
			children = (
				105595341B36DB6100A685E0 /* Base */,
			);
			name = Main.storyboard;
			sourceTree = "<group>";
		};
		105595381B36DB6100A685E0 /* LaunchScreen.xib */ = {
			isa = PBXVariantGroup;
			children = (
				105595391B36DB6100A685E0 /* Base */,
			);
			name = LaunchScreen.xib;
			sourceTree = "<group>";
		};
/* End PBXVariantGroup section */

/* Begin XCBuildConfiguration section */
		105595471B36DB6100A685E0 /* Debug */ = {
			isa = XCBuildConfiguration;
			buildSettings = {
				ALWAYS_SEARCH_USER_PATHS = NO;
				CLANG_CXX_LANGUAGE_STANDARD = "gnu++0x";
				CLANG_CXX_LIBRARY = "libc++";
				CLANG_ENABLE_MODULES = YES;
				CLANG_ENABLE_OBJC_ARC = YES;
				CLANG_WARN_BOOL_CONVERSION = YES;
				CLANG_WARN_CONSTANT_CONVERSION = YES;
				CLANG_WARN_DIRECT_OBJC_ISA_USAGE = YES_ERROR;
				CLANG_WARN_EMPTY_BODY = YES;
				CLANG_WARN_ENUM_CONVERSION = YES;
				CLANG_WARN_INT_CONVERSION = YES;
				CLANG_WARN_OBJC_ROOT_CLASS = YES_ERROR;
				CLANG_WARN_UNREACHABLE_CODE = YES;
				CLANG_WARN__DUPLICATE_METHOD_MATCH = YES;
				"CODE_SIGN_IDENTITY[sdk=iphoneos*]" = "iPhone Developer";
				COPY_PHASE_STRIP = NO;
				DEBUG_INFORMATION_FORMAT = "dwarf-with-dsym";
				ENABLE_STRICT_OBJC_MSGSEND = YES;
				GCC_C_LANGUAGE_STANDARD = gnu99;
				GCC_DYNAMIC_NO_PIC = NO;
				GCC_NO_COMMON_BLOCKS = YES;
				GCC_OPTIMIZATION_LEVEL = 0;
				GCC_PREPROCESSOR_DEFINITIONS = (
					"DEBUG=1",
					"$(inherited)",
				);
				GCC_SYMBOLS_PRIVATE_EXTERN = NO;
				GCC_WARN_64_TO_32_BIT_CONVERSION = YES;
				GCC_WARN_ABOUT_RETURN_TYPE = YES_ERROR;
				GCC_WARN_UNDECLARED_SELECTOR = YES;
				GCC_WARN_UNINITIALIZED_AUTOS = YES_AGGRESSIVE;
				GCC_WARN_UNUSED_FUNCTION = YES;
				GCC_WARN_UNUSED_VARIABLE = YES;
				IPHONEOS_DEPLOYMENT_TARGET = 8.3;
				MTL_ENABLE_DEBUG_INFO = YES;
				ONLY_ACTIVE_ARCH = YES;
				SDKROOT = iphoneos;
				SWIFT_OPTIMIZATION_LEVEL = "-Onone";
				TARGETED_DEVICE_FAMILY = "1,2";
			};
			name = Debug;
		};
		105595481B36DB6100A685E0 /* Release */ = {
			isa = XCBuildConfiguration;
			buildSettings = {
				ALWAYS_SEARCH_USER_PATHS = NO;
				CLANG_CXX_LANGUAGE_STANDARD = "gnu++0x";
				CLANG_CXX_LIBRARY = "libc++";
				CLANG_ENABLE_MODULES = YES;
				CLANG_ENABLE_OBJC_ARC = YES;
				CLANG_WARN_BOOL_CONVERSION = YES;
				CLANG_WARN_CONSTANT_CONVERSION = YES;
				CLANG_WARN_DIRECT_OBJC_ISA_USAGE = YES_ERROR;
				CLANG_WARN_EMPTY_BODY = YES;
				CLANG_WARN_ENUM_CONVERSION = YES;
				CLANG_WARN_INT_CONVERSION = YES;
				CLANG_WARN_OBJC_ROOT_CLASS = YES_ERROR;
				CLANG_WARN_UNREACHABLE_CODE = YES;
				CLANG_WARN__DUPLICATE_METHOD_MATCH = YES;
				"CODE_SIGN_IDENTITY[sdk=iphoneos*]" = "iPhone Developer";
				COPY_PHASE_STRIP = NO;
				DEBUG_INFORMATION_FORMAT = "dwarf-with-dsym";
				ENABLE_NS_ASSERTIONS = NO;
				ENABLE_STRICT_OBJC_MSGSEND = YES;
				GCC_C_LANGUAGE_STANDARD = gnu99;
				GCC_NO_COMMON_BLOCKS = YES;
				GCC_WARN_64_TO_32_BIT_CONVERSION = YES;
				GCC_WARN_ABOUT_RETURN_TYPE = YES_ERROR;
				GCC_WARN_UNDECLARED_SELECTOR = YES;
				GCC_WARN_UNINITIALIZED_AUTOS = YES_AGGRESSIVE;
				GCC_WARN_UNUSED_FUNCTION = YES;
				GCC_WARN_UNUSED_VARIABLE = YES;
				IPHONEOS_DEPLOYMENT_TARGET = 8.3;
				MTL_ENABLE_DEBUG_INFO = NO;
				SDKROOT = iphoneos;
				TARGETED_DEVICE_FAMILY = "1,2";
				VALIDATE_PRODUCT = YES;
			};
			name = Release;
		};
		1055954A1B36DB6100A685E0 /* Debug */ = {
			isa = XCBuildConfiguration;
			buildSettings = {
				ASSETCATALOG_COMPILER_APPICON_NAME = AppIcon;
				CODE_SIGN_ENTITLEMENTS = "CKRecordContext-Demo/CKRecordContext-Demo.entitlements";
				CODE_SIGN_IDENTITY = "iPhone Developer";
				"CODE_SIGN_IDENTITY[sdk=iphoneos*]" = "iPhone Developer";
				INFOPLIST_FILE = "CKRecordContext-Demo/Info.plist";
				LD_RUNPATH_SEARCH_PATHS = "$(inherited) @executable_path/Frameworks";
				PRODUCT_NAME = "$(TARGET_NAME)";
				PROVISIONING_PROFILE = "";
			};
			name = Debug;
		};
		1055954B1B36DB6100A685E0 /* Release */ = {
			isa = XCBuildConfiguration;
			buildSettings = {
				ASSETCATALOG_COMPILER_APPICON_NAME = AppIcon;
				CODE_SIGN_ENTITLEMENTS = "CKRecordContext-Demo/CKRecordContext-Demo.entitlements";
				CODE_SIGN_IDENTITY = "iPhone Developer";
				"CODE_SIGN_IDENTITY[sdk=iphoneos*]" = "iPhone Developer";
				INFOPLIST_FILE = "CKRecordContext-Demo/Info.plist";
				LD_RUNPATH_SEARCH_PATHS = "$(inherited) @executable_path/Frameworks";
				PRODUCT_NAME = "$(TARGET_NAME)";
				PROVISIONING_PROFILE = "";
			};
			name = Release;
		};
		1055954D1B36DB6100A685E0 /* Debug */ = {
			isa = XCBuildConfiguration;
			buildSettings = {
				BUNDLE_LOADER = "$(TEST_HOST)";
				FRAMEWORK_SEARCH_PATHS = (
					"$(SDKROOT)/Developer/Library/Frameworks",
					"$(inherited)",
				);
				GCC_PREPROCESSOR_DEFINITIONS = (
					"DEBUG=1",
					"$(inherited)",
				);
				INFOPLIST_FILE = "CKRecordContext-DemoTests/Info.plist";
				LD_RUNPATH_SEARCH_PATHS = "$(inherited) @executable_path/Frameworks @loader_path/Frameworks";
				PRODUCT_NAME = "$(TARGET_NAME)";
				TEST_HOST = "$(BUILT_PRODUCTS_DIR)/CKRecordContext-Demo.app/CKRecordContext-Demo";
			};
			name = Debug;
		};
		1055954E1B36DB6100A685E0 /* Release */ = {
			isa = XCBuildConfiguration;
			buildSettings = {
				BUNDLE_LOADER = "$(TEST_HOST)";
				FRAMEWORK_SEARCH_PATHS = (
					"$(SDKROOT)/Developer/Library/Frameworks",
					"$(inherited)",
				);
				INFOPLIST_FILE = "CKRecordContext-DemoTests/Info.plist";
				LD_RUNPATH_SEARCH_PATHS = "$(inherited) @executable_path/Frameworks @loader_path/Frameworks";
				PRODUCT_NAME = "$(TARGET_NAME)";
				TEST_HOST = "$(BUILT_PRODUCTS_DIR)/CKRecordContext-Demo.app/CKRecordContext-Demo";
			};
			name = Release;
		};
/* End XCBuildConfiguration section */

/* Begin XCConfigurationList section */
		105595251B36DB6000A685E0 /* Build configuration list for PBXProject "CKRecordContext-Demo" */ = {
			isa = XCConfigurationList;
			buildConfigurations = (
				105595471B36DB6100A685E0 /* Debug */,
				105595481B36DB6100A685E0 /* Release */,
			);
			defaultConfigurationIsVisible = 0;
			defaultConfigurationName = Release;
		};
		105595491B36DB6100A685E0 /* Build configuration list for PBXNativeTarget "CKRecordContext-Demo" */ = {
			isa = XCConfigurationList;
			buildConfigurations = (
				1055954A1B36DB6100A685E0 /* Debug */,
				1055954B1B36DB6100A685E0 /* Release */,
			);
			defaultConfigurationIsVisible = 0;
			defaultConfigurationName = Release;
		};
		1055954C1B36DB6100A685E0 /* Build configuration list for PBXNativeTarget "CKRecordContext-DemoTests" */ = {
			isa = XCConfigurationList;
			buildConfigurations = (
				1055954D1B36DB6100A685E0 /* Debug */,
				1055954E1B36DB6100A685E0 /* Release */,
			);
			defaultConfigurationIsVisible = 0;
			defaultConfigurationName = Release;
		};
/* End XCConfigurationList section */
	};
	rootObject = 105595221B36DB6000A685E0 /* Project object */;
}
